
Microsoft Visual Studio Solution File, Format Version 12.00
# Visual Studio 15
VisualStudioVersion = 15.0.28010.2041
MinimumVisualStudioVersion = 10.0.40219.1
Project("{FAE04EC0-301F-11D3-BF4B-00C04F79EFBC}") = "pract2_ex4", "pract2_ex4\pract2_ex4.csproj", "{3878BE22-5B1F-49A5-8CF0-1032429F5762}"
EndProject
Global
	GlobalSection(SolutionConfigurationPlatforms) = preSolution
		Debug|Any CPU = Debug|Any CPU
		Release|Any CPU = Release|Any CPU
	EndGlobalSection
	GlobalSection(ProjectConfigurationPlatforms) = postSolution
		{3878BE22-5B1F-49A5-8CF0-1032429F5762}.Debug|Any CPU.ActiveCfg = Debug|Any CPU
		{3878BE22-5B1F-49A5-8CF0-1032429F5762}.Debug|Any CPU.Build.0 = Debug|Any CPU
		{3878BE22-5B1F-49A5-8CF0-1032429F5762}.Release|Any CPU.ActiveCfg = Release|Any CPU
		{3878BE22-5B1F-49A5-8CF0-1032429F5762}.Release|Any CPU.Build.0 = Release|Any CPU
	EndGlobalSection
	GlobalSection(SolutionProperties) = preSolution
		HideSolutionNode = FALSE
	EndGlobalSection
	GlobalSection(ExtensibilityGlobals) = postSolution
		SolutionGuid = {58B5DD50-EB83-493E-86C5-690E05B13E2C}
	EndGlobalSection
EndGlobal
